# THIS IS AN AUTOGENERATED FILE. DO NOT EDIT THIS FILE DIRECTLY.
# yarn lockfile v1


"Reasongl@github:bsansouci/reasongl":
  version "0.2.0"
  resolved "https://codeload.github.com/bsansouci/reasongl/tar.gz/4409c327bbbf34690672274b89bfc5aefe83ca46"
  dependencies:
    Tgls bsansouci/tgls
    Tsdl bsansouci/tsdl
    gl-matrix "*"

Tgls@bsansouci/tgls:
  version "0.8.4"
  resolved "https://codeload.github.com/bsansouci/tgls/tar.gz/44d4b1a07b6eea9cbd29a6d43128247d4f312bbe"

Tsdl@bsansouci/tsdl:
  version "0.9.1"
  resolved "https://codeload.github.com/bsansouci/tsdl/tar.gz/2a472117eb1134a0ba828969788c98757160b293"
  dependencies:
    sdl2 bsansouci/SDL-mirror#fast

bs-platform@^5.0.0:
  version "5.0.0"
  resolved "https://registry.yarnpkg.com/bs-platform/-/bs-platform-5.0.0.tgz#f9fded818bafc3891aeb85eb4e0d95b8d8f8b4d7"
  integrity sha512-zxLobdIaf/r7go47hOgxcd6C0ANh7MYMEtZNb9Al7JdoekzFZI50F4GpZpP8kMh9Z+M5PoPE1WuryT4S8mT8Kg==

bsb-native@^4.0.7000:
  version "4.0.7000"
  resolved "https://registry.yarnpkg.com/bsb-native/-/bsb-native-4.0.7000.tgz#04031ae81a3cd53d48868593fe059c1d5752403b"
  integrity sha512-RcmbmdwvGHnQBhxkz6B7+J0d4cTUhWDGIJ94DmjHDlwgH7cnzWTTKqASWkPiPTqlNFyZtQxZ9qTvAQrsE/iMpw==
  dependencies:
    yauzl "^2.9.1"

buffer-crc32@~0.2.3:
  version "0.2.13"
  resolved "https://registry.yarnpkg.com/buffer-crc32/-/buffer-crc32-0.2.13.tgz#0d333e3f00eac50aa1454abd30ef8c2a5d9a7242"
  integrity sha1-DTM+PwDqxQqhRUq9MO+MKl2ackI=

dagre@^0.8.4:
  version "0.8.4"
  resolved "https://registry.yarnpkg.com/dagre/-/dagre-0.8.4.tgz#26b9fb8f7bdc60c6110a0458c375261836786061"
  integrity sha512-Dj0csFDrWYKdavwROb9FccHfTC4fJbyF/oJdL9LNZJ8WUvl968P6PAKEriGqfbdArVJEmmfA+UyumgWEwcHU6A==
  dependencies:
    graphlib "^2.1.7"
    lodash "^4.17.4"

emitter-component@^1.1.1:
  version "1.1.1"
  resolved "https://registry.yarnpkg.com/emitter-component/-/emitter-component-1.1.1.tgz#065e2dbed6959bf470679edabeaf7981d1003ab6"
  integrity sha1-Bl4tvtaVm/RwZ57avq95gdEAOrY=

eve-raphael@0.5.0:
  version "0.5.0"
  resolved "https://registry.yarnpkg.com/eve-raphael/-/eve-raphael-0.5.0.tgz#17c754b792beef3fa6684d79cf5a47c63c4cda30"
  integrity sha1-F8dUt5K+7z+maE15z1pHxjxM2jA=

fd-slicer@~1.1.0:
  version "1.1.0"
  resolved "https://registry.yarnpkg.com/fd-slicer/-/fd-slicer-1.1.0.tgz#25c7c89cb1f9077f8891bbe61d8f390eae256f1e"
  integrity sha1-JcfInLH5B3+IkbvmHY85Dq4lbx4=
  dependencies:
    pend "~1.2.0"

gl-matrix@*:
  version "3.0.0"
  resolved "https://registry.yarnpkg.com/gl-matrix/-/gl-matrix-3.0.0.tgz#888301ac7650e148c3865370e13ec66d08a8381f"
  integrity sha512-PD4mVH/C/Zs64kOozeFnKY8ybhgwxXXQYGWdB4h68krAHknWJgk9uKOn6z8YElh5//vs++90pb6csrTIDWnexA==

graphlib@^2.1.7:
  version "2.1.7"
  resolved "https://registry.yarnpkg.com/graphlib/-/graphlib-2.1.7.tgz#b6a69f9f44bd9de3963ce6804a2fc9e73d86aecc"
  integrity sha512-TyI9jIy2J4j0qgPmOOrHTCtpPqJGN/aurBwc6ZT+bRii+di1I+Wv3obRhVrmBEXet+qkMaEX67dXrwsd3QQM6w==
  dependencies:
    lodash "^4.17.5"

hammerjs@^2.0.6, hammerjs@^2.0.8:
  version "2.0.8"
  resolved "https://registry.yarnpkg.com/hammerjs/-/hammerjs-2.0.8.tgz#04ef77862cff2bb79d30f7692095930222bf60f1"
  integrity sha1-BO93hiz/K7edMPdpIJWTAiK/YPE=

keycharm@^0.2.0:
  version "0.2.0"
  resolved "https://registry.yarnpkg.com/keycharm/-/keycharm-0.2.0.tgz#fa6ea2e43b90a68028843d27f2075d35a8c3e6f9"
  integrity sha1-+m6i5DuQpoAohD0n8gddNajD5vk=

lodash@^4.17.4, lodash@^4.17.5:
  version "4.17.11"
  resolved "https://registry.yarnpkg.com/lodash/-/lodash-4.17.11.tgz#b39ea6229ef607ecd89e2c8df12536891cac9b8d"
  integrity sha512-cQKh8igo5QUhZ7lg38DYWAxMvjSAKG0A8wGSVimP07SIUEK2UO+arSRKbRZWtelMtN5V0Hkwh5ryOto/SshYIg==

moment@^2.18.1:
  version "2.24.0"
  resolved "https://registry.yarnpkg.com/moment/-/moment-2.24.0.tgz#0d055d53f5052aa653c9f6eb68bb5d12bf5c2b5b"
  integrity sha512-bV7f+6l2QigeBBZSM/6yTNq4P2fNpSWj/0e7jQcy87A8e7o2nAfP/34/2ky5Vw4B9S446EtIhodAzkFCcR4dQg==

pend@~1.2.0:
  version "1.2.0"
  resolved "https://registry.yarnpkg.com/pend/-/pend-1.2.0.tgz#7a57eb550a6783f9115331fcf4663d5c8e007a50"
  integrity sha1-elfrVQpng/kRUzH89GY9XI4AelA=

propagating-hammerjs@^1.4.6:
  version "1.4.6"
  resolved "https://registry.yarnpkg.com/propagating-hammerjs/-/propagating-hammerjs-1.4.6.tgz#fed00e9b00767ffd42d14f5b531bc493eb672e37"
  integrity sha1-/tAOmwB2f/1C0U9bUxvEk+tnLjc=
  dependencies:
    hammerjs "^2.0.6"

raphael@^2.2.8:
  version "2.2.8"
  resolved "https://registry.yarnpkg.com/raphael/-/raphael-2.2.8.tgz#4b18443c2c6030c3b492d8d11fbbca14ebe4d3f3"
  integrity sha512-0kWKcGn4lXTw4eUiOhjspYiG+v0m6zSmTmlO62E0hl2CYKUvCuHER9YKqXYvOn2nj24mYp8jzHOLeBuj/Gn28Q==
  dependencies:
    eve-raphael "0.5.0"

reprocessing@^0.3.1:
  version "0.3.1"
  resolved "https://registry.yarnpkg.com/reprocessing/-/reprocessing-0.3.1.tgz#2832f59ca6708941073f7ab63f6026c2146b44d1"
  integrity sha512-fv63VFzkfPw5qZprar9AnGCisTe5vDDpg/mz7pb7ryuwxM//h1Y67H7Cnln+qvkTBdoYivrp4gV52/BGRRppJw==
  dependencies:
    Reasongl "github:bsansouci/reasongl"

sdl2@bsansouci/SDL-mirror#fast:
  version "2.0.5"
  resolved "https://codeload.github.com/bsansouci/SDL-mirror/tar.gz/db0756eec3c5979b8291d739ebac9e8747ccbac2"
  dependencies:
    yauzl "^2.9.1"

treantjs@^1.0.0:
  version "1.0.0"
  resolved "https://registry.yarnpkg.com/treantjs/-/treantjs-1.0.0.tgz#dbc3f053e691cf700e671ff17c6e68c924a813aa"
  integrity sha1-28PwU+aRz3AOZx/xfG5oySSoE6o=

vis@^4.21.0:
  version "4.21.0"
  resolved "https://registry.yarnpkg.com/vis/-/vis-4.21.0.tgz#dd71638bff7f6495d00bc9f40c253526133ded6b"
  integrity sha1-3XFji/9/ZJXQC8n0DCU1JhM97Ws=
  dependencies:
    emitter-component "^1.1.1"
    hammerjs "^2.0.8"
    keycharm "^0.2.0"
    moment "^2.18.1"
    propagating-hammerjs "^1.4.6"

viz@^0.0.1:
  version "0.0.1"
  resolved "https://registry.yarnpkg.com/viz/-/viz-0.0.1.tgz#8f9aa897f5eb5e711c359f904940b26e45565219"
  integrity sha1-j5qol/XrXnEcNZ+QSUCybkVWUhk=

yauzl@^2.9.1:
  version "2.10.0"
  resolved "https://registry.yarnpkg.com/yauzl/-/yauzl-2.10.0.tgz#c7eb17c93e112cb1086fa6d8e51fb0667b79a5f9"
  integrity sha1-x+sXyT4RLLEIb6bY5R+wZnt5pfk=
  dependencies:
    buffer-crc32 "~0.2.3"
    fd-slicer "~1.1.0"
